
Microsoft Visual Studio Solution File, Format Version 12.00
# Visual Studio Version 17
VisualStudioVersion = 17.2.32616.157
MinimumVisualStudioVersion = 10.0.40219.1
Project("{FAE04EC0-301F-11D3-BF4B-00C04F79EFBC}") = "view", "view\view.csproj", "{E79063F0-22DA-4707-BDF7-DD92AEB3FEEC}"
EndProject
Global
	GlobalSection(SolutionConfigurationPlatforms) = preSolution
		Debug|Any CPU = Debug|Any CPU
		Release|Any CPU = Release|Any CPU
	EndGlobalSection
	GlobalSection(ProjectConfigurationPlatforms) = postSolution
		{E79063F0-22DA-4707-BDF7-DD92AEB3FEEC}.Debug|Any CPU.ActiveCfg = Debug|Any CPU
		{E79063F0-22DA-4707-BDF7-DD92AEB3FEEC}.Debug|Any CPU.Build.0 = Debug|Any CPU
		{E79063F0-22DA-4707-BDF7-DD92AEB3FEEC}.Release|Any CPU.ActiveCfg = Release|Any CPU
		{E79063F0-22DA-4707-BDF7-DD92AEB3FEEC}.Release|Any CPU.Build.0 = Release|Any CPU
	EndGlobalSection
	GlobalSection(SolutionProperties) = preSolution
		HideSolutionNode = FALSE
	EndGlobalSection
	GlobalSection(ExtensibilityGlobals) = postSolution
		SolutionGuid = {C3955FFD-FA77-4D68-BBE5-F1D65B5F3FC5}
	EndGlobalSection
EndGlobal
